
Microsoft Visual Studio Solution File, Format Version 12.00
# Visual Studio Version 16
VisualStudioVersion = 16.0.31313.79
MinimumVisualStudioVersion = 10.0.40219.1
Project("{9A19103F-16F7-4668-BE54-9A1E7A4F7556}") = "SimpleStocksAssignment", "SimpleStocksAssignment.csproj", "{AF4DD5E2-47F4-481F-B296-D120320F18F3}"
EndProject
Project("{FAE04EC0-301F-11D3-BF4B-00C04F79EFBC}") = "SimpleStocksTests", "..\SimpleStocksTests\SimpleStocksTests.csproj", "{17813253-F4C7-497E-9094-18F5FD45261C}"
EndProject
Project("{2150E333-8FDC-42A3-9474-1A3956D46DE8}") = "Solution Items", "Solution Items", "{1646AF2F-C4DA-4C76-A396-B95901CBEC5A}"
	ProjectSection(SolutionItems) = preProject
		.editorconfig = .editorconfig
	EndProjectSection
EndProject
Global
	GlobalSection(SolutionConfigurationPlatforms) = preSolution
		Debug|Any CPU = Debug|Any CPU
		Release|Any CPU = Release|Any CPU
	EndGlobalSection
	GlobalSection(ProjectConfigurationPlatforms) = postSolution
		{AF4DD5E2-47F4-481F-B296-D120320F18F3}.Debug|Any CPU.ActiveCfg = Debug|Any CPU
		{AF4DD5E2-47F4-481F-B296-D120320F18F3}.Debug|Any CPU.Build.0 = Debug|Any CPU
		{AF4DD5E2-47F4-481F-B296-D120320F18F3}.Release|Any CPU.ActiveCfg = Release|Any CPU
		{AF4DD5E2-47F4-481F-B296-D120320F18F3}.Release|Any CPU.Build.0 = Release|Any CPU
		{17813253-F4C7-497E-9094-18F5FD45261C}.Debug|Any CPU.ActiveCfg = Debug|Any CPU
		{17813253-F4C7-497E-9094-18F5FD45261C}.Debug|Any CPU.Build.0 = Debug|Any CPU
		{17813253-F4C7-497E-9094-18F5FD45261C}.Release|Any CPU.ActiveCfg = Release|Any CPU
		{17813253-F4C7-497E-9094-18F5FD45261C}.Release|Any CPU.Build.0 = Release|Any CPU
	EndGlobalSection
	GlobalSection(SolutionProperties) = preSolution
		HideSolutionNode = FALSE
	EndGlobalSection
	GlobalSection(ExtensibilityGlobals) = postSolution
		SolutionGuid = {FE093306-B63F-494E-A916-5F190F5F9F73}
	EndGlobalSection
EndGlobal
